
Microsoft Visual Studio Solution File, Format Version 12.00
Project("{FAE04EC0-301F-11D3-BF4B-00C04F79EFBC}") = "BookStoreTDD", "BookStoreTDD\BookStoreTDD.csproj", "{BD558793-18F6-41BE-B335-A4681E3CCB2B}"
EndProject
Project("{FAE04EC0-301F-11D3-BF4B-00C04F79EFBC}") = "BookStore.Tests", "BookStore.Tests\BookStore.Tests.csproj", "{98BD5977-E03B-461A-B7D0-43DE53F403B0}"
EndProject
Global
	GlobalSection(SolutionConfigurationPlatforms) = preSolution
		Debug|Any CPU = Debug|Any CPU
		Release|Any CPU = Release|Any CPU
	EndGlobalSection
	GlobalSection(ProjectConfigurationPlatforms) = postSolution
		{BD558793-18F6-41BE-B335-A4681E3CCB2B}.Debug|Any CPU.ActiveCfg = Debug|Any CPU
		{BD558793-18F6-41BE-B335-A4681E3CCB2B}.Debug|Any CPU.Build.0 = Debug|Any CPU
		{BD558793-18F6-41BE-B335-A4681E3CCB2B}.Release|Any CPU.ActiveCfg = Release|Any CPU
		{BD558793-18F6-41BE-B335-A4681E3CCB2B}.Release|Any CPU.Build.0 = Release|Any CPU
		{98BD5977-E03B-461A-B7D0-43DE53F403B0}.Debug|Any CPU.ActiveCfg = Debug|Any CPU
		{98BD5977-E03B-461A-B7D0-43DE53F403B0}.Debug|Any CPU.Build.0 = Debug|Any CPU
		{98BD5977-E03B-461A-B7D0-43DE53F403B0}.Release|Any CPU.ActiveCfg = Release|Any CPU
		{98BD5977-E03B-461A-B7D0-43DE53F403B0}.Release|Any CPU.Build.0 = Release|Any CPU
	EndGlobalSection
EndGlobal
